<?xml version="1.0" encoding="utf-8"?>
<Project ToolsVersion="4.0" xmlns="http://schemas.microsoft.com/developer/msbuild/2003">
  <ItemGroup>
    <Filter Include="KamataEngine">
      <UniqueIdentifier>{4FC737F1-C7A5-4376-A066-2A32D752A2FF}</UniqueIdentifier>
      <Extensions>cpp;c;cc;cxx;c++;cppm;ixx;def;odl;idl;hpj;bat;asm;asmx</Extensions>
    </Filter>
    <Filter Include="KamataEngine\Source">
      <UniqueIdentifier>{d966e9f8-e880-44ae-8586-a08515e4cffc}</UniqueIdentifier>
    </Filter>
    <Filter Include="KamataEngine\Include">
      <UniqueIdentifier>{4aae4e40-94f7-4d32-9a91-c0c37a2edf0d}</UniqueIdentifier>
    </Filter>
    <Filter Include="KamataEngine\Adapter">
      <UniqueIdentifier>{c6468eb4-788b-4a83-b207-a5f4804e56c5}</UniqueIdentifier>
    </Filter>
    <Filter Include="Class">
      <UniqueIdentifier>{d8f0aae4-f5d7-43bf-a4f6-e4b33947dd9e}</UniqueIdentifier>
    </Filter>
    <Filter Include="Class\Vector">
      <UniqueIdentifier>{e6189c05-2ece-4152-8d03-d569ad0f282b}</UniqueIdentifier>
    </Filter>
    <Filter Include="Class\Object">
      <UniqueIdentifier>{9ac09398-af61-4a50-9d47-c2757932e80a}</UniqueIdentifier>
    </Filter>
    <Filter Include="Class\STG">
      <UniqueIdentifier>{8859eb0a-2833-4c68-b112-904222dc145e}</UniqueIdentifier>
    </Filter>
    <Filter Include="Class\Object\Player">
      <UniqueIdentifier>{4aa7e3d5-fbfd-4133-8cdd-b72f5712f09f}</UniqueIdentifier>
    </Filter>
    <Filter Include="Class\Object\Bullet">
      <UniqueIdentifier>{1e207153-71b1-4a7b-80a0-84f8905c7ec8}</UniqueIdentifier>
    </Filter>
    <Filter Include="Class\Object\Bullet\PlayerBullet">
      <UniqueIdentifier>{fe22d193-3200-4c53-b927-0a981b269ec5}</UniqueIdentifier>
    </Filter>
    <Filter Include="Class\Scene">
      <UniqueIdentifier>{4ac4795d-cdf2-43c9-bbd1-8246c3bacbba}</UniqueIdentifier>
    </Filter>
    <Filter Include="Class\Object\Enemy">
      <UniqueIdentifier>{9d443ab4-d29f-4d23-b813-9ff1e0b9c52b}</UniqueIdentifier>
    </Filter>
    <Filter Include="Class\Object\Enemy\EnemyVertical">
      <UniqueIdentifier>{945f6c2b-44b2-45d7-aef8-53f6ec050e56}</UniqueIdentifier>
    </Filter>
    <Filter Include="Class\Object\Enemy\EnemyBeside">
      <UniqueIdentifier>{4632bd55-40a7-4063-8181-bfc5cf7d805e}</UniqueIdentifier>
    </Filter>
    <Filter Include="Class\Enemies">
      <UniqueIdentifier>{0ed01f73-f57c-494b-8c9f-5d2fe293d686}</UniqueIdentifier>
    </Filter>
    <Filter Include="Class\Object\Bullet\EnemyBullet">
      <UniqueIdentifier>{48b34943-e25a-426b-8110-9f444ccec33a}</UniqueIdentifier>
    </Filter>
    <Filter Include="Class\Frame">
      <UniqueIdentifier>{0443804d-7355-40d3-8503-26b0152ac1ac}</UniqueIdentifier>
    </Filter>
  </ItemGroup>
  <ItemGroup>
    <ClCompile Include="C:\KamataEngine\DirectXGame\base\DirectXCommon.cpp">
      <Filter>KamataEngine\Source</Filter>
    </ClCompile>
    <ClCompile Include="C:\KamataEngine\DirectXGame\base\TextureManager.cpp">
      <Filter>KamataEngine\Source</Filter>
    </ClCompile>
    <ClCompile Include="C:\KamataEngine\DirectXGame\scene\GameScene.cpp">
      <Filter>KamataEngine\Source</Filter>
    </ClCompile>
    <ClCompile Include="C:\KamataEngine\DirectXGame\base\WinApp.cpp">
      <Filter>KamataEngine\Source</Filter>
    </ClCompile>
    <ClCompile Include="main.cpp" />
    <ClCompile Include="C:\KamataEngine\Adapter\Novice.cpp">
      <Filter>KamataEngine\Adapter</Filter>
    </ClCompile>
    <ClCompile Include="C:\KamataEngine\DirectXGame\2d\ImGuiManager.cpp">
      <Filter>KamataEngine</Filter>
    </ClCompile>
    <ClCompile Include="C:\KamataEngine\DirectXGame\base\StringUtility.cpp">
      <Filter>KamataEngine\Source</Filter>
    </ClCompile>
    <ClCompile Include="Class\Vector\Vector.cpp">
      <Filter>Class\Vector</Filter>
    </ClCompile>
    <ClCompile Include="Class\Object\Object.cpp">
      <Filter>Class\Object</Filter>
    </ClCompile>
    <ClCompile Include="Class\Object\Player\Player.cpp">
      <Filter>Class\Object\Player</Filter>
    </ClCompile>
    <ClCompile Include="Class\Object\Bullet\Bullet.cpp">
      <Filter>Class\Object\Bullet</Filter>
    </ClCompile>
    <ClCompile Include="Class\Object\Bullet\PlayerBullet\PlayerBullet.cpp">
      <Filter>Class\Object\Bullet\PlayerBullet</Filter>
    </ClCompile>
    <ClCompile Include="Class\STG\STG.cpp">
      <Filter>Class\STG</Filter>
    </ClCompile>
    <ClCompile Include="Class\Scene\Scene.cpp">
      <Filter>Class\Scene</Filter>
    </ClCompile>
    <ClCompile Include="Class\Object\Enemy\Enemy.cpp">
      <Filter>Class\Object\Enemy</Filter>
    </ClCompile>
    <ClCompile Include="Class\Object\Enemy\EnemyBeside\EnemyBeside.cpp">
      <Filter>Class\Object\Enemy\EnemyBeside</Filter>
    </ClCompile>
    <ClCompile Include="Class\Object\Enemy\EnemyVertical\EnemyVertical.cpp">
      <Filter>Class\Object\Enemy\EnemyVertical</Filter>
    </ClCompile>
    <ClCompile Include="Class\Enemies\Enemies.cpp">
      <Filter>Class\Enemies</Filter>
    </ClCompile>
    <ClCompile Include="Class\Object\Bullet\EnemyBullet\EnemyBullet.cpp">
      <Filter>Class\Object\Bullet\EnemyBullet</Filter>
    </ClCompile>
    <ClCompile Include="Class\Frame\Frame.cpp">
      <Filter>Class\Frame</Filter>
    </ClCompile>
  </ItemGroup>
  <ItemGroup>
    <ClInclude Include="C:\KamataEngine\DirectXGame\audio\Audio.h">
      <Filter>KamataEngine\Include</Filter>
    </ClInclude>
    <ClInclude Include="C:\KamataEngine\DirectXGame\2d\DebugText.h">
      <Filter>KamataEngine\Include</Filter>
    </ClInclude>
    <ClInclude Include="C:\KamataEngine\DirectXGame\base\DirectXCommon.h">
      <Filter>KamataEngine\Include</Filter>
    </ClInclude>
    <ClInclude Include="C:\KamataEngine\DirectXGame\scene\GameScene.h">
      <Filter>KamataEngine\Include</Filter>
    </ClInclude>
    <ClInclude Include="C:\KamataEngine\DirectXGame\input\Input.h">
      <Filter>KamataEngine\Include</Filter>
    </ClInclude>
    <ClInclude Include="C:\KamataEngine\DirectXGame\3d\Model.h">
      <Filter>KamataEngine\Include</Filter>
    </ClInclude>
    <ClInclude Include="C:\KamataEngine\DirectXGame\base\SafeDelete.h">
      <Filter>KamataEngine\Include</Filter>
    </ClInclude>
    <ClInclude Include="C:\KamataEngine\DirectXGame\2d\Sprite.h">
      <Filter>KamataEngine\Include</Filter>
    </ClInclude>
    <ClInclude Include="C:\KamataEngine\DirectXGame\base\TextureManager.h">
      <Filter>KamataEngine\Include</Filter>
    </ClInclude>
    <ClInclude Include="C:\KamataEngine\DirectXGame\3d\ViewProjection.h">
      <Filter>KamataEngine\Include</Filter>
    </ClInclude>
    <ClInclude Include="C:\KamataEngine\DirectXGame\base\WinApp.h">
      <Filter>KamataEngine\Include</Filter>
    </ClInclude>
    <ClInclude Include="C:\KamataEngine\DirectXGame\3d\WorldTransform.h">
      <Filter>KamataEngine\Include</Filter>
    </ClInclude>
    <ClInclude Include="C:\KamataEngine\Adapter\Novice.h">
      <Filter>KamataEngine\Adapter</Filter>
    </ClInclude>
    <ClInclude Include="C:\KamataEngine\DirectXGame\3d\CircleShadow.h">
      <Filter>KamataEngine\Include</Filter>
    </ClInclude>
    <ClInclude Include="C:\KamataEngine\DirectXGame\3d\DebugCamera.h">
      <Filter>KamataEngine\Include</Filter>
    </ClInclude>
    <ClInclude Include="C:\KamataEngine\DirectXGame\3d\DirectionalLight.h">
      <Filter>KamataEngine\Include</Filter>
    </ClInclude>
    <ClInclude Include="C:\KamataEngine\DirectXGame\3d\LightGroup.h">
      <Filter>KamataEngine\Include</Filter>
    </ClInclude>
    <ClInclude Include="C:\KamataEngine\DirectXGame\3d\Material.h">
      <Filter>KamataEngine\Include</Filter>
    </ClInclude>
    <ClInclude Include="C:\KamataEngine\DirectXGame\3d\Mesh.h">
      <Filter>KamataEngine\Include</Filter>
    </ClInclude>
    <ClInclude Include="C:\KamataEngine\DirectXGame\3d\PointLight.h">
      <Filter>KamataEngine\Include</Filter>
    </ClInclude>
    <ClInclude Include="C:\KamataEngine\DirectXGame\3d\SpotLight.h">
      <Filter>KamataEngine\Include</Filter>
    </ClInclude>
    <ClInclude Include="C:\KamataEngine\DirectXGame\math\Matrix4x4.h" />
    <ClInclude Include="C:\KamataEngine\DirectXGame\math\Vector2.h" />
    <ClInclude Include="C:\KamataEngine\DirectXGame\math\Vector3.h" />
    <ClInclude Include="C:\KamataEngine\DirectXGame\math\Vector4.h" />
    <ClInclude Include="C:\KamataEngine\DirectXGame\2d\ImGuiManager.h" />
    <ClInclude Include="C:\KamataEngine\DirectXGame\base\StringUtility.h">
      <Filter>KamataEngine\Include</Filter>
    </ClInclude>
    <ClInclude Include="Class\Vector\Vector.h">
      <Filter>Class\Vector</Filter>
    </ClInclude>
    <ClInclude Include="Class\Object\Object.h">
      <Filter>Class\Object</Filter>
    </ClInclude>
    <ClInclude Include="Class\Object\Player\Player.h">
      <Filter>Class\Object\Player</Filter>
    </ClInclude>
    <ClInclude Include="Constant.h" />
    <ClInclude Include="Class\Object\Bullet\Bullet.h">
      <Filter>Class\Object\Bullet</Filter>
    </ClInclude>
    <ClInclude Include="Class\Object\Bullet\PlayerBullet\PlayerBullet.h">
      <Filter>Class\Object\Bullet\PlayerBullet</Filter>
    </ClInclude>
    <ClInclude Include="Class\STG\STG.h">
      <Filter>Class\STG</Filter>
    </ClInclude>
    <ClInclude Include="Class\Scene\Scene.h">
      <Filter>Class\Scene</Filter>
    </ClInclude>
    <ClInclude Include="Enumeration.h" />
    <ClInclude Include="Class\Object\Enemy\Enemy.h">
      <Filter>Class\Object\Enemy</Filter>
    </ClInclude>
    <ClInclude Include="Class\Object\Enemy\EnemyBeside\EnemyBeside.h">
      <Filter>Class\Object\Enemy\EnemyBeside</Filter>
    </ClInclude>
    <ClInclude Include="Class\Object\Enemy\EnemyVertical\EnemyVertical.h">
      <Filter>Class\Object\Enemy\EnemyVertical</Filter>
    </ClInclude>
    <ClInclude Include="Class\Enemies\Enemies.h">
      <Filter>Class\Enemies</Filter>
    </ClInclude>
    <ClInclude Include="Class\Object\Bullet\EnemyBullet\EnemyBullet.h">
      <Filter>Class\Object\Bullet\EnemyBullet</Filter>
    </ClInclude>
    <ClInclude Include="Class\Frame\Frame.h">
      <Filter>Class\Frame</Filter>
    </ClInclude>
  </ItemGroup>
</Project>