
Microsoft Visual Studio Solution File, Format Version 12.00
# Visual Studio Version 17
VisualStudioVersion = 17.9.34723.18
MinimumVisualStudioVersion = 10.0.40219.1
Project("{8BC9CEB8-8B4A-11D0-8D11-00A0C91BC942}") = "game", "game.vcxproj", "{259363A0-43E5-44F8-B111-353BFE031878}"
EndProject
Global
	GlobalSection(SolutionConfigurationPlatforms) = preSolution
		Debug|x64 = Debug|x64
		Release|x64 = Release|x64
	EndGlobalSection
	GlobalSection(ProjectConfigurationPlatforms) = postSolution
		{259363A0-43E5-44F8-B111-353BFE031878}.Debug|x64.ActiveCfg = Debug|x64
		{259363A0-43E5-44F8-B111-353BFE031878}.Debug|x64.Build.0 = Debug|x64
		{259363A0-43E5-44F8-B111-353BFE031878}.Release|x64.ActiveCfg = Release|x64
		{259363A0-43E5-44F8-B111-353BFE031878}.Release|x64.Build.0 = Release|x64
	EndGlobalSection
	GlobalSection(SolutionProperties) = preSolution
		HideSolutionNode = FALSE
	EndGlobalSection
	GlobalSection(ExtensibilityGlobals) = postSolution
		SolutionGuid = {99CADB4F-8B37-4023-B59F-08016BE3622C}
	EndGlobalSection
EndGlobal
